
Microsoft Visual Studio Solution File, Format Version 12.00
# Visual Studio Version 17
VisualStudioVersion = 17.3.32825.248
MinimumVisualStudioVersion = 10.0.40219.1
Project("{FAE04EC0-301F-11D3-BF4B-00C04F79EFBC}") = "Osztaly_Konyv", "..\Eloadas17\Osztaly_Konyv\Osztaly_Konyv.csproj", "{673456A5-D0B2-4EAF-BC8F-B6E7746962F9}"
EndProject
Global
	GlobalSection(SolutionConfigurationPlatforms) = preSolution
		Debug|Any CPU = Debug|Any CPU
		Release|Any CPU = Release|Any CPU
	EndGlobalSection
	GlobalSection(ProjectConfigurationPlatforms) = postSolution
		{673456A5-D0B2-4EAF-BC8F-B6E7746962F9}.Debug|Any CPU.ActiveCfg = Debug|Any CPU
		{673456A5-D0B2-4EAF-BC8F-B6E7746962F9}.Debug|Any CPU.Build.0 = Debug|Any CPU
		{673456A5-D0B2-4EAF-BC8F-B6E7746962F9}.Release|Any CPU.ActiveCfg = Release|Any CPU
		{673456A5-D0B2-4EAF-BC8F-B6E7746962F9}.Release|Any CPU.Build.0 = Release|Any CPU
	EndGlobalSection
	GlobalSection(SolutionProperties) = preSolution
		HideSolutionNode = FALSE
	EndGlobalSection
	GlobalSection(ExtensibilityGlobals) = postSolution
		SolutionGuid = {EAF0011A-EEB3-441E-BC52-007F4991697E}
	EndGlobalSection
EndGlobal
